github.com/gorilla/mux v1.8.0 h1:i40aqfkR1h2SlN9hojwV5ZA91wcXFOvkdNIeFDP5koI=
github.com/gorilla/mux v1.8.0/go.mod h1:DVbg23sWSpFRCP0SfiEN6jmj59UnW/n46BH5rLB71So=
github.com/lizrice/secure-connections v0.0.0-20181003132801-0f21099c1edf h1:F37Cxd/LtpPgtwocSUi2O3DouJ+lOhmCHIZUgeBnWIc=
github.com/lizrice/secure-connections v0.0.0-20181003132801-0f21099c1edf/go.mod h1:xhwrYR2UnvZe+r/sGXtI1EnngNVTouBt4raQZzqz0EA=
